{
  "lockfileVersion": 1,
  "workspaces": {
    "": {
      "name": "status-dash",
      "dependencies": {
        "hono": "^4.7.11",
      },
    },
  },
  "packages": {
    "hono": ["hono@4.13.5", "", {}, "sha512-O6+/eCYRkzzzy0rPWwKLiGBR1nFuUPZynnwjxN1MBA62NNqbT0wQEzQyK2gSO5yDIDB336sXQleAhOHrzlYyKw=="],
  }
}
